
Microsoft Visual Studio Solution File, Format Version 12.00
# Visual Studio Version 16
VisualStudioVersion = 16.0.29911.84
MinimumVisualStudioVersion = 10.0.40219.1
Project("{FAE04EC0-301F-11D3-BF4B-00C04F79EFBC}") = "EventMakerTestDB", "EventMakerTestDB.csproj", "{ADD5B978-6CDB-4D95-AB9A-AA185E821DDA}"
EndProject
Project("{FAE04EC0-301F-11D3-BF4B-00C04F79EFBC}") = "EventMakerTestDBConsole", "..\EventMakerTestDBConsole\EventMakerTestDBConsole.csproj", "{455A8353-863B-4616-A79E-1DDC245E438C}"
EndProject
Global
	GlobalSection(SolutionConfigurationPlatforms) = preSolution
		Debug|Any CPU = Debug|Any CPU
		Release|Any CPU = Release|Any CPU
	EndGlobalSection
	GlobalSection(ProjectConfigurationPlatforms) = postSolution
		{ADD5B978-6CDB-4D95-AB9A-AA185E821DDA}.Debug|Any CPU.ActiveCfg = Debug|Any CPU
		{ADD5B978-6CDB-4D95-AB9A-AA185E821DDA}.Debug|Any CPU.Build.0 = Debug|Any CPU
		{ADD5B978-6CDB-4D95-AB9A-AA185E821DDA}.Release|Any CPU.ActiveCfg = Release|Any CPU
		{ADD5B978-6CDB-4D95-AB9A-AA185E821DDA}.Release|Any CPU.Build.0 = Release|Any CPU
		{455A8353-863B-4616-A79E-1DDC245E438C}.Debug|Any CPU.ActiveCfg = Debug|Any CPU
		{455A8353-863B-4616-A79E-1DDC245E438C}.Debug|Any CPU.Build.0 = Debug|Any CPU
		{455A8353-863B-4616-A79E-1DDC245E438C}.Release|Any CPU.ActiveCfg = Release|Any CPU
		{455A8353-863B-4616-A79E-1DDC245E438C}.Release|Any CPU.Build.0 = Release|Any CPU
	EndGlobalSection
	GlobalSection(SolutionProperties) = preSolution
		HideSolutionNode = FALSE
	EndGlobalSection
	GlobalSection(ExtensibilityGlobals) = postSolution
		SolutionGuid = {F63FB459-0F2F-47C6-8DEF-FA9AD69FC715}
	EndGlobalSection
EndGlobal
